
Microsoft Visual Studio Solution File, Format Version 12.00
# Visual Studio Version 17
VisualStudioVersion = 17.11.35222.181
MinimumVisualStudioVersion = 10.0.40219.1
Project("{9A19103F-16F7-4668-BE54-9A1E7A4F7556}") = "Karim.CRUD.DAL", "Karim.CRUD.DAL\Karim.CRUD.DAL.csproj", "{F382B2C4-AECC-42C6-811E-EE632B6A2B29}"
EndProject
Project("{9A19103F-16F7-4668-BE54-9A1E7A4F7556}") = "Karim.CRUD.BLL", "Karim.CRUD.BLL\Karim.CRUD.BLL.csproj", "{0DCB92B8-7D53-4849-B36C-66B46780778E}"
EndProject
Project("{FAE04EC0-301F-11D3-BF4B-00C04F79EFBC}") = "Karim.CRUD.PL", "Karim.CRUD.PL\Karim.CRUD.PL.csproj", "{A3C21662-99C9-4300-B745-E9F7327D8E62}"
EndProject
Global
	GlobalSection(SolutionConfigurationPlatforms) = preSolution
		Debug|Any CPU = Debug|Any CPU
		Release|Any CPU = Release|Any CPU
	EndGlobalSection
	GlobalSection(ProjectConfigurationPlatforms) = postSolution
		{F382B2C4-AECC-42C6-811E-EE632B6A2B29}.Debug|Any CPU.ActiveCfg = Debug|Any CPU
		{F382B2C4-AECC-42C6-811E-EE632B6A2B29}.Debug|Any CPU.Build.0 = Debug|Any CPU
		{F382B2C4-AECC-42C6-811E-EE632B6A2B29}.Release|Any CPU.ActiveCfg = Release|Any CPU
		{F382B2C4-AECC-42C6-811E-EE632B6A2B29}.Release|Any CPU.Build.0 = Release|Any CPU
		{0DCB92B8-7D53-4849-B36C-66B46780778E}.Debug|Any CPU.ActiveCfg = Debug|Any CPU
		{0DCB92B8-7D53-4849-B36C-66B46780778E}.Debug|Any CPU.Build.0 = Debug|Any CPU
		{0DCB92B8-7D53-4849-B36C-66B46780778E}.Release|Any CPU.ActiveCfg = Release|Any CPU
		{0DCB92B8-7D53-4849-B36C-66B46780778E}.Release|Any CPU.Build.0 = Release|Any CPU
		{A3C21662-99C9-4300-B745-E9F7327D8E62}.Debug|Any CPU.ActiveCfg = Debug|Any CPU
		{A3C21662-99C9-4300-B745-E9F7327D8E62}.Debug|Any CPU.Build.0 = Debug|Any CPU
		{A3C21662-99C9-4300-B745-E9F7327D8E62}.Release|Any CPU.ActiveCfg = Release|Any CPU
		{A3C21662-99C9-4300-B745-E9F7327D8E62}.Release|Any CPU.Build.0 = Release|Any CPU
	EndGlobalSection
	GlobalSection(SolutionProperties) = preSolution
		HideSolutionNode = FALSE
	EndGlobalSection
	GlobalSection(ExtensibilityGlobals) = postSolution
		SolutionGuid = {8005BED4-FD14-441A-95B3-B8FB6344D9F7}
	EndGlobalSection
EndGlobal
